
Microsoft Visual Studio Solution File, Format Version 12.00
# Visual Studio 15
VisualStudioVersion = 15.0.28307.572
MinimumVisualStudioVersion = 10.0.40219.1
Project("{FAE04EC0-301F-11D3-BF4B-00C04F79EFBC}") = "FizzBuzzPrep", "FizzBuzzPrep\FizzBuzzPrep.csproj", "{36AD8AB6-AF54-44EA-BA69-3F19EC8C5700}"
EndProject
Project("{FAE04EC0-301F-11D3-BF4B-00C04F79EFBC}") = "UnitTestFizzBuzz", "UnitTestFizzBuzz\UnitTestFizzBuzz.csproj", "{EA7C39D2-E979-4F18-BFB7-8D7E7AE9EE0A}"
EndProject
Global
	GlobalSection(SolutionConfigurationPlatforms) = preSolution
		Debug|Any CPU = Debug|Any CPU
		Release|Any CPU = Release|Any CPU
	EndGlobalSection
	GlobalSection(ProjectConfigurationPlatforms) = postSolution
		{36AD8AB6-AF54-44EA-BA69-3F19EC8C5700}.Debug|Any CPU.ActiveCfg = Debug|Any CPU
		{36AD8AB6-AF54-44EA-BA69-3F19EC8C5700}.Debug|Any CPU.Build.0 = Debug|Any CPU
		{36AD8AB6-AF54-44EA-BA69-3F19EC8C5700}.Release|Any CPU.ActiveCfg = Release|Any CPU
		{36AD8AB6-AF54-44EA-BA69-3F19EC8C5700}.Release|Any CPU.Build.0 = Release|Any CPU
		{EA7C39D2-E979-4F18-BFB7-8D7E7AE9EE0A}.Debug|Any CPU.ActiveCfg = Debug|Any CPU
		{EA7C39D2-E979-4F18-BFB7-8D7E7AE9EE0A}.Debug|Any CPU.Build.0 = Debug|Any CPU
		{EA7C39D2-E979-4F18-BFB7-8D7E7AE9EE0A}.Release|Any CPU.ActiveCfg = Release|Any CPU
		{EA7C39D2-E979-4F18-BFB7-8D7E7AE9EE0A}.Release|Any CPU.Build.0 = Release|Any CPU
	EndGlobalSection
	GlobalSection(SolutionProperties) = preSolution
		HideSolutionNode = FALSE
	EndGlobalSection
	GlobalSection(ExtensibilityGlobals) = postSolution
		SolutionGuid = {D4DF1A24-97BA-4D1A-AFAA-7FDFFCB1BAFB}
	EndGlobalSection
EndGlobal
